
Microsoft Visual Studio Solution File, Format Version 12.00
# Visual Studio 15
Project("{FAE04EC0-301F-11D3-BF4B-00C04F79EFBC}") = "circle-ci-asp-net-razor-pages", "circle-ci-asp-net-razor-pages.csproj", "{3B01C509-34B2-4586-8FBA-FA79D3DCAC19}"
EndProject
Project("{FAE04EC0-301F-11D3-BF4B-00C04F79EFBC}") = "circle-ci-razor-pages.tests", "circle-ci-razor-pages.tests\circle-ci-razor-pages.tests.csproj", "{5B554B38-306A-43D8-911A-AB16445A8A1F}"
EndProject
Global
	GlobalSection(SolutionConfigurationPlatforms) = preSolution
		Debug|Any CPU = Debug|Any CPU
		Release|Any CPU = Release|Any CPU
	EndGlobalSection
	GlobalSection(ProjectConfigurationPlatforms) = postSolution
		{3B01C509-34B2-4586-8FBA-FA79D3DCAC19}.Debug|Any CPU.ActiveCfg = Debug|Any CPU
		{3B01C509-34B2-4586-8FBA-FA79D3DCAC19}.Debug|Any CPU.Build.0 = Debug|Any CPU
		{3B01C509-34B2-4586-8FBA-FA79D3DCAC19}.Release|Any CPU.ActiveCfg = Release|Any CPU
		{3B01C509-34B2-4586-8FBA-FA79D3DCAC19}.Release|Any CPU.Build.0 = Release|Any CPU
		{5B554B38-306A-43D8-911A-AB16445A8A1F}.Debug|Any CPU.ActiveCfg = Debug|Any CPU
		{5B554B38-306A-43D8-911A-AB16445A8A1F}.Debug|Any CPU.Build.0 = Debug|Any CPU
		{5B554B38-306A-43D8-911A-AB16445A8A1F}.Release|Any CPU.ActiveCfg = Release|Any CPU
		{5B554B38-306A-43D8-911A-AB16445A8A1F}.Release|Any CPU.Build.0 = Release|Any CPU
	EndGlobalSection
EndGlobal
